
Microsoft Visual Studio Solution File, Format Version 12.00
# Visual Studio Version 16
VisualStudioVersion = 16.0.31229.75
MinimumVisualStudioVersion = 10.0.40219.1
Project("{FAE04EC0-301F-11D3-BF4B-00C04F79EFBC}") = "ConsoleApp1", "ConsoleApp1\ConsoleApp1.csproj", "{824B8D57-739E-40FC-AFEB-2DDAEDA92583}"
EndProject
Global
	GlobalSection(SolutionConfigurationPlatforms) = preSolution
		Debug|Any CPU = Debug|Any CPU
		Release|Any CPU = Release|Any CPU
	EndGlobalSection
	GlobalSection(ProjectConfigurationPlatforms) = postSolution
		{824B8D57-739E-40FC-AFEB-2DDAEDA92583}.Debug|Any CPU.ActiveCfg = Debug|Any CPU
		{824B8D57-739E-40FC-AFEB-2DDAEDA92583}.Debug|Any CPU.Build.0 = Debug|Any CPU
		{824B8D57-739E-40FC-AFEB-2DDAEDA92583}.Release|Any CPU.ActiveCfg = Release|Any CPU
		{824B8D57-739E-40FC-AFEB-2DDAEDA92583}.Release|Any CPU.Build.0 = Release|Any CPU
	EndGlobalSection
	GlobalSection(SolutionProperties) = preSolution
		HideSolutionNode = FALSE
	EndGlobalSection
	GlobalSection(ExtensibilityGlobals) = postSolution
		SolutionGuid = {98264CC2-EAA5-483E-BE6E-E2DF2A722DA0}
	EndGlobalSection
EndGlobal
